
Microsoft Visual Studio Solution File, Format Version 12.00
# Visual Studio Version 17
VisualStudioVersion = 17.6.33829.357
MinimumVisualStudioVersion = 10.0.40219.1
Project("{FAE04EC0-301F-11D3-BF4B-00C04F79EFBC}") = "Google_authentication", "Google_authentication\Google_authentication.csproj", "{BEA3F3E3-B459-4D4C-B9E0-56EC2B6689A7}"
EndProject
Global
	GlobalSection(SolutionConfigurationPlatforms) = preSolution
		Debug|Any CPU = Debug|Any CPU
		Release|Any CPU = Release|Any CPU
	EndGlobalSection
	GlobalSection(ProjectConfigurationPlatforms) = postSolution
		{BEA3F3E3-B459-4D4C-B9E0-56EC2B6689A7}.Debug|Any CPU.ActiveCfg = Debug|Any CPU
		{BEA3F3E3-B459-4D4C-B9E0-56EC2B6689A7}.Debug|Any CPU.Build.0 = Debug|Any CPU
		{BEA3F3E3-B459-4D4C-B9E0-56EC2B6689A7}.Release|Any CPU.ActiveCfg = Release|Any CPU
		{BEA3F3E3-B459-4D4C-B9E0-56EC2B6689A7}.Release|Any CPU.Build.0 = Release|Any CPU
	EndGlobalSection
	GlobalSection(SolutionProperties) = preSolution
		HideSolutionNode = FALSE
	EndGlobalSection
	GlobalSection(ExtensibilityGlobals) = postSolution
		SolutionGuid = {747BF659-9ED3-420A-B4A7-2A957EED21E4}
	EndGlobalSection
EndGlobal
